
Microsoft Visual Studio Solution File, Format Version 12.00
# Visual Studio Version 17
VisualStudioVersion = 17.6.33801.468
MinimumVisualStudioVersion = 10.0.40219.1
Project("{FAE04EC0-301F-11D3-BF4B-00C04F79EFBC}") = "kursovoymips", "kursovoymips\kursovoymips.csproj", "{3B854FBB-3AF0-4E12-9753-96A52ED720D5}"
EndProject
Global
	GlobalSection(SolutionConfigurationPlatforms) = preSolution
		Debug|Any CPU = Debug|Any CPU
		Release|Any CPU = Release|Any CPU
	EndGlobalSection
	GlobalSection(ProjectConfigurationPlatforms) = postSolution
		{3B854FBB-3AF0-4E12-9753-96A52ED720D5}.Debug|Any CPU.ActiveCfg = Debug|Any CPU
		{3B854FBB-3AF0-4E12-9753-96A52ED720D5}.Debug|Any CPU.Build.0 = Debug|Any CPU
		{3B854FBB-3AF0-4E12-9753-96A52ED720D5}.Release|Any CPU.ActiveCfg = Release|Any CPU
		{3B854FBB-3AF0-4E12-9753-96A52ED720D5}.Release|Any CPU.Build.0 = Release|Any CPU
	EndGlobalSection
	GlobalSection(SolutionProperties) = preSolution
		HideSolutionNode = FALSE
	EndGlobalSection
	GlobalSection(ExtensibilityGlobals) = postSolution
		SolutionGuid = {09C162FA-3B5A-4479-8157-6713C97D5F2B}
	EndGlobalSection
EndGlobal
